{
  "version": 4,
  "terraform_version": "1.5.6",
  "serial": 15,
  "lineage": "a09ca211-2fb8-2a7e-d204-4db36ce983fc",
  "outputs": {
    "key_data": {
      "value": "ssh-rsa AAAAB3NzaC1yc2EAAAADAQABAAABgQC3HQ+nk3VwsrIF97FvgYTGk99l9HPoMd4tZQQqGPwit3YsodKTASUzOiv5PfEQ80lJDFjiHYp9UnIpeWrQhDRBsKcgjDi/NO1ZxtHedOQ5BPzIjk0vFcUcrshUnXnLcHtXABV4RLSrCz5KhssTJpaUAfprlrXzCFexxegTUGL7LpjwiAZ68N8lT0bUCyUtBB/mu/CflXj620IMNMpBLqGYRkqE76boVkQIocjY+hxGzdaysRik2Wc2NSKp/QRMVwjlqIyGJsdOpaC9QuD49sskFBJEXMaQc2pjgKhth4JGyMk0ZIBPGNFdb8v6l2mbGK0a+4GNdXvl0GfV2Q7EZT+F/19Ii1aoz1jSOcx5qwgc4X4pj5RE1dcxjISxSp6AIa5pHHyBJY9XYqbAlmbGK1CeYquxGZmbO0GNUtFdWhJhcADDIOmPcDnkvA7nNe6K2lMBLK8R1n0A08kefeC8ZgIyxHDDD8n/ilMn2m8/kWO54pUp9aOHmqHcBQYeV81aw7E= generated-by-azure",
      "type": "string"
    },
    "public_ip_address": {
      "value": "172.191.30.163",
      "type": "string"
    },
    "resource_group_name": {
      "value": "rg-chief-locust",
      "type": "string"
    }
  },
  "resources": [
    {
      "mode": "managed",
      "type": "azapi_resource",
      "name": "ssh_public_key",
      "provider": "provider[\"registry.terraform.io/azure/azapi\"]",
      "instances": [
        {
          "schema_version": 0,
          "attributes": {
            "body": "{}",
            "id": "/subscriptions/91dc98b1-a425-4df8-860a-444066b71f66/resourceGroups/rg-chief-locust/providers/Microsoft.Compute/sshPublicKeys/sshlenientsquid",
            "identity": [],
            "ignore_body_changes": null,
            "ignore_casing": false,
            "ignore_missing_property": true,
            "location": "eastus",
            "locks": null,
            "name": "sshlenientsquid",
            "output": "{}",
            "parent_id": "/subscriptions/91dc98b1-a425-4df8-860a-444066b71f66/resourceGroups/rg-chief-locust",
            "removing_special_chars": false,
            "response_export_values": null,
            "schema_validation_enabled": true,
            "tags": {},
            "timeouts": null,
            "type": "Microsoft.Compute/sshPublicKeys@2022-11-01"
          },
          "sensitive_attributes": [],
          "private": "eyJlMmJmYjczMC1lY2FhLTExZTYtOGY4OC0zNDM2M2JjN2M0YzAiOnsiY3JlYXRlIjoxODAwMDAwMDAwMDAwLCJkZWxldGUiOjE4MDAwMDAwMDAwMDAsInJlYWQiOjMwMDAwMDAwMDAwMCwidXBkYXRlIjoxODAwMDAwMDAwMDAwfX0=",
          "dependencies": [
            "azurerm_resource_group.rg",
            "random_pet.rg_name",
            "random_pet.ssh_key_name"
          ]
        }
      ]
    },
    {
      "mode": "managed",
      "type": "azapi_resource_action",
      "name": "ssh_public_key_gen",
      "provider": "provider[\"registry.terraform.io/azure/azapi\"]",
      "instances": [
        {
          "schema_version": 0,
          "attributes": {
            "action": "generateKeyPair",
            "body": null,
            "id": "/subscriptions/91dc98b1-a425-4df8-860a-444066b71f66/resourceGroups/rg-chief-locust/providers/Microsoft.Compute/sshPublicKeys/sshlenientsquid/generateKeyPair",
            "locks": null,
            "method": "POST",
            "output": "{\"privateKey\":\"-----BEGIN RSA PRIVATE KEY-----\\r\\nMIIG5AIBAAKCAYEAtx0Pp5N1cLKyBfexb4GExpPfZfRz6DHeLWUEKhj8Ird2LKHS\\r\\nkwElMzor+T3xEPNJSQxY4h2KfVJyKXlq0IQ0QbCnIIw4vzTtWcbR3nTkOQT8yI5N\\r\\nLxXFHK7IVJ15y3B7VwAVeES0qws+SobLEyaWlAH6a5a18whXscXoE1Bi+y6Y8IgG\\r\\nevDfJU9G1AslLQQf5rvwn5V4+ttCDDTKQS6hmEZKhO+m6FZECKHI2PocRs3WsrEY\\r\\npNlnNjUiqf0ETFcI5aiMhibHTqWgvULg+PbLJBQSRFzGkHNqY4CobYeCRsjJNGSA\\r\\nTxjRXW/L+pdpmxitGvuBjXV75dBn1dkOxGU/hf9fSItWqM9Y0jnMeasIHOF+KY+U\\r\\nRNXXMYyEsUqegCGuaRx8gSWPV2KmwJZmxitQnmKrsRmZmztBjVLRXVoSYXAAwyDp\\r\\nj3A55LwO5zXuitpTASyvEdZ9ANPJHn3gvGYCMsRwww/J/4pTJ9pvP5FjueKVKfWj\\r\\nh5qh3AUGHlfNWsOxAgMBAAECggGBAJ8w3Z4y3QN35rq3ZoNpFxRIFAwf4/A2AlB2\\r\\npJMwm2pXEp6kpFt2wG9zoC0Tw5KX3ttpp5AUXISs+2DBFLJobMG7IOBz5xWbnsjQ\\r\\nxz1dY9eKVXTJ+aH4jB9ud+zP5sWNaTzubrvbBzI4GRRTcRKaFohf2+RS5qV9WDfN\\r\\ntP+tgA+cqAtcRj31UBmwfQP1GIG1N0KxmvQxzzZPDXFtJ3RZZNTsLva5HeKYtJbI\\r\\nh8LSVWjcpE0/FwyhkFAZC6S6uVTgx/veZFPtOB85N8WXxs3GVLADuxDjn1G4FwM7\\r\\nB8LwIEstoci7tQhmgS6UGkjVWpdwlM1WavakpXqjf1oOfnPLCbgswIjalMYF2MOX\\r\\no3fFM2smv/WNl68YzFvvhO3/Qr69UR1rD3VcsB2934lD4owF/+aaShqcy/+oFFyV\\r\\nsKTeCdD+yhNRK7U0WBOEnk9oamoR45HQycipLdWo1eWZo4DGLMP9sqF03FqrX4a4\\r\\nUD9QlPCt+7jTBr62PAhqabFa0V2NTQKBwQDayMrX6sm44Z3pBVZHGvqcBhwojMLk\\r\\nF8O24OpfpKpWuUcM92AAE3tGlYMDA6FUs4gACM1qC7hXJajfKe7ooO9GUklQoCz5\\r\\n0bJvbewpHrnrkJzE0ZrIa6gL2wXMWx/ITO/FV7qWAObbsiqWnKdsdIJTckQ+IkEc\\r\\nDENVVA/zIoVOFOJlHpARCMSe9idhUEfixhirF5HbT/ht1GCG8+8xzG6j7C5KNz6U\\r\\nsfZXIpMjCjuXsN9ZhaKdvYwtijnbKHNil9MCgcEA1kLxa15b2/0EKzw5Nm4MU01w\\r\\n35+BPRmex0AgjeXZMchuQIJ021GNQskwY7wUdUWY3ALGRKM6E94yls8T6gxsKf1k\\r\\n4Tfr/BdhA3HE9CbDRltZXps8j9Yy2KmY5OPF/Ty48rIA4TwrPOEHPcearWgMpGOK\\r\\nBSu7z/wCNc+rlsS7uU4VYoTtI3rCdjqlvzoek+4eQU3ny7s1FxqMqndeQKOJD6Yy\\r\\nuQLTkj4lZ55WrberL36Qh8+CKVyRHstOefRrfufrAoHASEFAHIcCD/kTOb31fI5A\\r\\nbf7mlc3HH6VpkaA+R1AOoY2XFYUtQ1krwWfnWLt+MIcKR1ig3oD4ZG+fkfQ7XsCn\\r\\nxUWvyNzdfbPvhjV7ZSkspcuguq+uurozSZcQFymRGYmvNjF/AcNSewQgZJVgBcWE\\r\\ntSJrv0l4z1aNdkTI77da5yqmilbJpZaLuSP6ZX0qAI8D3p1uIkwK89rL9kXhnUSy\\r\\n1ZhOwVv1Yw5TGPvmNBBRFgvn95zW09mhzfh0mxiE4u7ZAoHBAIP1qNByxeqAMxAZ\\r\\nwDbYojiv6kOf7i3eWJ7ozOP32sPBaL3MWwI0gObQGEBktsjfO1zNTKU7TmqsH8Yn\\r\\n9WDhk8BssrPPCEUzdOl1KVMhiIUNf8Y3n54K0zgDhAn8ipUDz/iRTt9peku9YANZ\\r\\nqtb/zUF1mKzEmaBn2kigBVMPCXsAL0WFDrQaSCgeyLQ0rF55eiLIQ2mDfBglntri\\r\\nN6dh0OlVd8nghsN8CPd/Wm0VQJY4wfUTBVxKCYrItiWANrBrTwKBwGc08Gb+EO5h\\r\\nZ8rqy3atLQMrLqi79UuhtYtAg1h5acRhcdZgZDCTsTJdgHSiQtNAy8fONQtnBtOE\\r\\nazgUqsNoHpkdfjUD3jiC7siTm5fPeymdgsGGPMEIPbjqzZyYKFeqy2gXwDmLC6f4\\r\\nsYGaHpXzwuWcN+0HJuDFM18LTzclcob+i9sYIfjQH/PHsjEEnzE8iXCebDJkmgq1\\r\\nTlhUoX4J+TBI6YI/yBtV+mMDoNX+PJXHElIKFF56DvDjL06bUGkJSg==\\r\\n-----END RSA PRIVATE KEY-----\\r\\n\",\"publicKey\":\"ssh-rsa AAAAB3NzaC1yc2EAAAADAQABAAABgQC3HQ+nk3VwsrIF97FvgYTGk99l9HPoMd4tZQQqGPwit3YsodKTASUzOiv5PfEQ80lJDFjiHYp9UnIpeWrQhDRBsKcgjDi/NO1ZxtHedOQ5BPzIjk0vFcUcrshUnXnLcHtXABV4RLSrCz5KhssTJpaUAfprlrXzCFexxegTUGL7LpjwiAZ68N8lT0bUCyUtBB/mu/CflXj620IMNMpBLqGYRkqE76boVkQIocjY+hxGzdaysRik2Wc2NSKp/QRMVwjlqIyGJsdOpaC9QuD49sskFBJEXMaQc2pjgKhth4JGyMk0ZIBPGNFdb8v6l2mbGK0a+4GNdXvl0GfV2Q7EZT+F/19Ii1aoz1jSOcx5qwgc4X4pj5RE1dcxjISxSp6AIa5pHHyBJY9XYqbAlmbGK1CeYquxGZmbO0GNUtFdWhJhcADDIOmPcDnkvA7nNe6K2lMBLK8R1n0A08kefeC8ZgIyxHDDD8n/ilMn2m8/kWO54pUp9aOHmqHcBQYeV81aw7E= generated-by-azure\"}",
            "resource_id": "/subscriptions/91dc98b1-a425-4df8-860a-444066b71f66/resourceGroups/rg-chief-locust/providers/Microsoft.Compute/sshPublicKeys/sshlenientsquid",
            "response_export_values": [
              "publicKey",
              "privateKey"
            ],
            "timeouts": null,
            "type": "Microsoft.Compute/sshPublicKeys@2022-11-01"
          },
          "sensitive_attributes": [],
          "private": "eyJlMmJmYjczMC1lY2FhLTExZTYtOGY4OC0zNDM2M2JjN2M0YzAiOnsiY3JlYXRlIjoxODAwMDAwMDAwMDAwLCJkZWxldGUiOjE4MDAwMDAwMDAwMDAsInJlYWQiOjMwMDAwMDAwMDAwMCwidXBkYXRlIjoxODAwMDAwMDAwMDAwfX0=",
          "dependencies": [
            "azapi_resource.ssh_public_key",
            "azurerm_resource_group.rg",
            "random_pet.rg_name",
            "random_pet.ssh_key_name"
          ]
        }
      ]
    },
    {
      "mode": "managed",
      "type": "azurerm_linux_virtual_machine",
      "name": "my_terraform_vm",
      "provider": "provider[\"registry.terraform.io/hashicorp/azurerm\"]",
      "instances": [
        {
          "schema_version": 0,
          "attributes": {
            "additional_capabilities": [],
            "admin_password": null,
            "admin_ssh_key": [
              {
                "public_key": "ssh-rsa AAAAB3NzaC1yc2EAAAADAQABAAABgQC3HQ+nk3VwsrIF97FvgYTGk99l9HPoMd4tZQQqGPwit3YsodKTASUzOiv5PfEQ80lJDFjiHYp9UnIpeWrQhDRBsKcgjDi/NO1ZxtHedOQ5BPzIjk0vFcUcrshUnXnLcHtXABV4RLSrCz5KhssTJpaUAfprlrXzCFexxegTUGL7LpjwiAZ68N8lT0bUCyUtBB/mu/CflXj620IMNMpBLqGYRkqE76boVkQIocjY+hxGzdaysRik2Wc2NSKp/QRMVwjlqIyGJsdOpaC9QuD49sskFBJEXMaQc2pjgKhth4JGyMk0ZIBPGNFdb8v6l2mbGK0a+4GNdXvl0GfV2Q7EZT+F/19Ii1aoz1jSOcx5qwgc4X4pj5RE1dcxjISxSp6AIa5pHHyBJY9XYqbAlmbGK1CeYquxGZmbO0GNUtFdWhJhcADDIOmPcDnkvA7nNe6K2lMBLK8R1n0A08kefeC8ZgIyxHDDD8n/ilMn2m8/kWO54pUp9aOHmqHcBQYeV81aw7E= generated-by-azure",
                "username": "azureadmin"
              }
            ],
            "admin_username": "azureadmin",
            "allow_extension_operations": true,
            "availability_set_id": "",
            "boot_diagnostics": [
              {
                "storage_account_uri": "https://diagb0d293dc85f50cdb.blob.core.windows.net/"
              }
            ],
            "computer_name": "hostname",
            "custom_data": null,
            "dedicated_host_group_id": "",
            "dedicated_host_id": "",
            "disable_password_authentication": true,
            "encryption_at_host_enabled": false,
            "eviction_policy": "",
            "extensions_time_budget": "PT1H30M",
            "id": "/subscriptions/91dc98b1-a425-4df8-860a-444066b71f66/resourceGroups/rg-chief-locust/providers/Microsoft.Compute/virtualMachines/myVM",
            "identity": [],
            "license_type": "",
            "location": "eastus",
            "max_bid_price": -1,
            "name": "myVM",
            "network_interface_ids": [
              "/subscriptions/91dc98b1-a425-4df8-860a-444066b71f66/resourceGroups/rg-chief-locust/providers/Microsoft.Network/networkInterfaces/myNIC"
            ],
            "os_disk": [
              {
                "caching": "ReadWrite",
                "diff_disk_settings": [],
                "disk_encryption_set_id": "",
                "disk_size_gb": 30,
                "name": "myOsDisk",
                "storage_account_type": "Premium_LRS",
                "write_accelerator_enabled": false
              }
            ],
            "patch_mode": "ImageDefault",
            "plan": [],
            "platform_fault_domain": -1,
            "priority": "Regular",
            "private_ip_address": "10.0.1.4",
            "private_ip_addresses": [
              "10.0.1.4"
            ],
            "provision_vm_agent": true,
            "proximity_placement_group_id": "",
            "public_ip_address": "172.191.30.163",
            "public_ip_addresses": [
              "172.191.30.163"
            ],
            "resource_group_name": "rg-chief-locust",
            "secret": [],
            "secure_boot_enabled": false,
            "size": "Standard_DS1_v2",
            "source_image_id": "",
            "source_image_reference": [
              {
                "offer": "0001-com-ubuntu-server-jammy",
                "publisher": "Canonical",
                "sku": "22_04-lts-gen2",
                "version": "latest"
              }
            ],
            "tags": null,
            "timeouts": null,
            "user_data": "",
            "virtual_machine_id": "5356656b-6638-43b4-9820-4f24f172dfbb",
            "virtual_machine_scale_set_id": "",
            "vtpm_enabled": false,
            "zone": ""
          },
          "sensitive_attributes": [],
          "private": "eyJlMmJmYjczMC1lY2FhLTExZTYtOGY4OC0zNDM2M2JjN2M0YzAiOnsiY3JlYXRlIjoyNzAwMDAwMDAwMDAwLCJkZWxldGUiOjI3MDAwMDAwMDAwMDAsInJlYWQiOjMwMDAwMDAwMDAwMCwidXBkYXRlIjoyNzAwMDAwMDAwMDAwfX0=",
          "dependencies": [
            "azapi_resource.ssh_public_key",
            "azapi_resource_action.ssh_public_key_gen",
            "azurerm_network_interface.my_terraform_nic",
            "azurerm_public_ip.my_terraform_public_ip",
            "azurerm_resource_group.rg",
            "azurerm_storage_account.my_storage_account",
            "azurerm_subnet.my_terraform_subnet",
            "azurerm_virtual_network.my_terraform_network",
            "random_id.random_id",
            "random_pet.rg_name",
            "random_pet.ssh_key_name"
          ]
        }
      ]
    },
    {
      "mode": "managed",
      "type": "azurerm_network_interface",
      "name": "my_terraform_nic",
      "provider": "provider[\"registry.terraform.io/hashicorp/azurerm\"]",
      "instances": [
        {
          "schema_version": 0,
          "attributes": {
            "applied_dns_servers": [],
            "dns_servers": [],
            "enable_accelerated_networking": false,
            "enable_ip_forwarding": false,
            "id": "/subscriptions/91dc98b1-a425-4df8-860a-444066b71f66/resourceGroups/rg-chief-locust/providers/Microsoft.Network/networkInterfaces/myNIC",
            "internal_dns_name_label": "",
            "internal_domain_name_suffix": "0hvzxsstn14u1bmry0n0ceglra.bx.internal.cloudapp.net",
            "ip_configuration": [
              {
                "gateway_load_balancer_frontend_ip_configuration_id": "",
                "name": "my_nic_configuration",
                "primary": true,
                "private_ip_address": "10.0.1.4",
                "private_ip_address_allocation": "Dynamic",
                "private_ip_address_version": "IPv4",
                "public_ip_address_id": "/subscriptions/91dc98b1-a425-4df8-860a-444066b71f66/resourceGroups/rg-chief-locust/providers/Microsoft.Network/publicIPAddresses/myPublicIP",
                "subnet_id": "/subscriptions/91dc98b1-a425-4df8-860a-444066b71f66/resourceGroups/rg-chief-locust/providers/Microsoft.Network/virtualNetworks/myVnet/subnets/mySubnet"
              }
            ],
            "location": "eastus",
            "mac_address": "",
            "name": "myNIC",
            "private_ip_address": "10.0.1.4",
            "private_ip_addresses": [
              "10.0.1.4"
            ],
            "resource_group_name": "rg-chief-locust",
            "tags": null,
            "timeouts": null,
            "virtual_machine_id": ""
          },
          "sensitive_attributes": [],
          "private": "eyJlMmJmYjczMC1lY2FhLTExZTYtOGY4OC0zNDM2M2JjN2M0YzAiOnsiY3JlYXRlIjoxODAwMDAwMDAwMDAwLCJkZWxldGUiOjE4MDAwMDAwMDAwMDAsInJlYWQiOjMwMDAwMDAwMDAwMCwidXBkYXRlIjoxODAwMDAwMDAwMDAwfX0=",
          "dependencies": [
            "azurerm_public_ip.my_terraform_public_ip",
            "azurerm_resource_group.rg",
            "azurerm_subnet.my_terraform_subnet",
            "azurerm_virtual_network.my_terraform_network",
            "random_pet.rg_name"
          ]
        }
      ]
    },
    {
      "mode": "managed",
      "type": "azurerm_network_interface_security_group_association",
      "name": "example",
      "provider": "provider[\"registry.terraform.io/hashicorp/azurerm\"]",
      "instances": [
        {
          "schema_version": 0,
          "attributes": {
            "id": "/subscriptions/91dc98b1-a425-4df8-860a-444066b71f66/resourceGroups/rg-chief-locust/providers/Microsoft.Network/networkInterfaces/myNIC|/subscriptions/91dc98b1-a425-4df8-860a-444066b71f66/resourceGroups/rg-chief-locust/providers/Microsoft.Network/networkSecurityGroups/myNetworkSecurityGroup",
            "network_interface_id": "/subscriptions/91dc98b1-a425-4df8-860a-444066b71f66/resourceGroups/rg-chief-locust/providers/Microsoft.Network/networkInterfaces/myNIC",
            "network_security_group_id": "/subscriptions/91dc98b1-a425-4df8-860a-444066b71f66/resourceGroups/rg-chief-locust/providers/Microsoft.Network/networkSecurityGroups/myNetworkSecurityGroup",
            "timeouts": null
          },
          "sensitive_attributes": [],
          "private": "eyJlMmJmYjczMC1lY2FhLTExZTYtOGY4OC0zNDM2M2JjN2M0YzAiOnsiY3JlYXRlIjoxODAwMDAwMDAwMDAwLCJkZWxldGUiOjE4MDAwMDAwMDAwMDAsInJlYWQiOjMwMDAwMDAwMDAwMCwidXBkYXRlIjoxODAwMDAwMDAwMDAwfX0=",
          "dependencies": [
            "azurerm_network_interface.my_terraform_nic",
            "azurerm_network_security_group.my_terraform_nsg",
            "azurerm_public_ip.my_terraform_public_ip",
            "azurerm_resource_group.rg",
            "azurerm_subnet.my_terraform_subnet",
            "azurerm_virtual_network.my_terraform_network",
            "random_pet.rg_name"
          ]
        }
      ]
    },
    {
      "mode": "managed",
      "type": "azurerm_network_security_group",
      "name": "my_terraform_nsg",
      "provider": "provider[\"registry.terraform.io/hashicorp/azurerm\"]",
      "instances": [
        {
          "schema_version": 0,
          "attributes": {
            "id": "/subscriptions/91dc98b1-a425-4df8-860a-444066b71f66/resourceGroups/rg-chief-locust/providers/Microsoft.Network/networkSecurityGroups/myNetworkSecurityGroup",
            "location": "eastus",
            "name": "myNetworkSecurityGroup",
            "resource_group_name": "rg-chief-locust",
            "security_rule": [
              {
                "access": "Allow",
                "description": "",
                "destination_address_prefix": "*",
                "destination_address_prefixes": [],
                "destination_application_security_group_ids": [],
                "destination_port_range": "22",
                "destination_port_ranges": [],
                "direction": "Inbound",
                "name": "SSH",
                "priority": 1001,
                "protocol": "Tcp",
                "source_address_prefix": "*",
                "source_address_prefixes": [],
                "source_application_security_group_ids": [],
                "source_port_range": "*",
                "source_port_ranges": []
              }
            ],
            "tags": null,
            "timeouts": null
          },
          "sensitive_attributes": [],
          "private": "eyJlMmJmYjczMC1lY2FhLTExZTYtOGY4OC0zNDM2M2JjN2M0YzAiOnsiY3JlYXRlIjoxODAwMDAwMDAwMDAwLCJkZWxldGUiOjE4MDAwMDAwMDAwMDAsInJlYWQiOjMwMDAwMDAwMDAwMCwidXBkYXRlIjoxODAwMDAwMDAwMDAwfX0=",
          "dependencies": [
            "azurerm_resource_group.rg",
            "random_pet.rg_name"
          ]
        }
      ]
    },
    {
      "mode": "managed",
      "type": "azurerm_public_ip",
      "name": "my_terraform_public_ip",
      "provider": "provider[\"registry.terraform.io/hashicorp/azurerm\"]",
      "instances": [
        {
          "schema_version": 0,
          "attributes": {
            "allocation_method": "Dynamic",
            "availability_zone": "No-Zone",
            "domain_name_label": null,
            "fqdn": null,
            "id": "/subscriptions/91dc98b1-a425-4df8-860a-444066b71f66/resourceGroups/rg-chief-locust/providers/Microsoft.Network/publicIPAddresses/myPublicIP",
            "idle_timeout_in_minutes": 4,
            "ip_address": "",
            "ip_tags": null,
            "ip_version": "IPv4",
            "location": "eastus",
            "name": "myPublicIP",
            "public_ip_prefix_id": null,
            "resource_group_name": "rg-chief-locust",
            "reverse_fqdn": null,
            "sku": "Basic",
            "sku_tier": "Regional",
            "tags": null,
            "timeouts": null,
            "zones": []
          },
          "sensitive_attributes": [],
          "private": "eyJlMmJmYjczMC1lY2FhLTExZTYtOGY4OC0zNDM2M2JjN2M0YzAiOnsiY3JlYXRlIjoxODAwMDAwMDAwMDAwLCJkZWxldGUiOjE4MDAwMDAwMDAwMDAsInJlYWQiOjMwMDAwMDAwMDAwMCwidXBkYXRlIjoxODAwMDAwMDAwMDAwfX0=",
          "dependencies": [
            "azurerm_resource_group.rg",
            "random_pet.rg_name"
          ]
        }
      ]
    },
    {
      "mode": "managed",
      "type": "azurerm_resource_group",
      "name": "rg",
      "provider": "provider[\"registry.terraform.io/hashicorp/azurerm\"]",
      "instances": [
        {
          "schema_version": 0,
          "attributes": {
            "id": "/subscriptions/91dc98b1-a425-4df8-860a-444066b71f66/resourceGroups/rg-chief-locust",
            "location": "eastus",
            "name": "rg-chief-locust",
            "tags": null,
            "timeouts": null
          },
          "sensitive_attributes": [],
          "private": "eyJlMmJmYjczMC1lY2FhLTExZTYtOGY4OC0zNDM2M2JjN2M0YzAiOnsiY3JlYXRlIjo1NDAwMDAwMDAwMDAwLCJkZWxldGUiOjU0MDAwMDAwMDAwMDAsInJlYWQiOjMwMDAwMDAwMDAwMCwidXBkYXRlIjo1NDAwMDAwMDAwMDAwfX0=",
          "dependencies": [
            "random_pet.rg_name"
          ]
        }
      ]
    },
    {
      "mode": "managed",
      "type": "azurerm_storage_account",
      "name": "my_storage_account",
      "provider": "provider[\"registry.terraform.io/hashicorp/azurerm\"]",
      "instances": [
        {
          "schema_version": 2,
          "attributes": {
            "access_tier": "Hot",
            "account_kind": "StorageV2",
            "account_replication_type": "LRS",
            "account_tier": "Standard",
            "allow_blob_public_access": false,
            "azure_files_authentication": [],
            "blob_properties": [
              {
                "change_feed_enabled": false,
                "container_delete_retention_policy": [],
                "cors_rule": [],
                "default_service_version": "",
                "delete_retention_policy": [],
                "last_access_time_enabled": false,
                "versioning_enabled": false
              }
            ],
            "custom_domain": [],
            "customer_managed_key": [],
            "enable_https_traffic_only": true,
            "id": "/subscriptions/91dc98b1-a425-4df8-860a-444066b71f66/resourceGroups/rg-chief-locust/providers/Microsoft.Storage/storageAccounts/diagb0d293dc85f50cdb",
            "identity": [],
            "infrastructure_encryption_enabled": false,
            "is_hns_enabled": false,
            "large_file_share_enabled": null,
            "location": "eastus",
            "min_tls_version": "TLS1_0",
            "name": "diagb0d293dc85f50cdb",
            "network_rules": [
              {
                "bypass": [
                  "AzureServices"
                ],
                "default_action": "Allow",
                "ip_rules": [],
                "private_link_access": [],
                "virtual_network_subnet_ids": []
              }
            ],
            "nfsv3_enabled": false,
            "primary_access_key": "FI8qATqR37GouLOVY7Sph+G299HNV0eClM/8r/9VE2IljuLw4XjJelGAjaLSacN8GEQrLfgjXz6Q+ASt8gEU2Q==",
            "primary_blob_connection_string": "DefaultEndpointsProtocol=https;BlobEndpoint=https://diagb0d293dc85f50cdb.blob.core.windows.net/;AccountName=diagb0d293dc85f50cdb;AccountKey=FI8qATqR37GouLOVY7Sph+G299HNV0eClM/8r/9VE2IljuLw4XjJelGAjaLSacN8GEQrLfgjXz6Q+ASt8gEU2Q==",
            "primary_blob_endpoint": "https://diagb0d293dc85f50cdb.blob.core.windows.net/",
            "primary_blob_host": "diagb0d293dc85f50cdb.blob.core.windows.net",
            "primary_connection_string": "DefaultEndpointsProtocol=https;AccountName=diagb0d293dc85f50cdb;AccountKey=FI8qATqR37GouLOVY7Sph+G299HNV0eClM/8r/9VE2IljuLw4XjJelGAjaLSacN8GEQrLfgjXz6Q+ASt8gEU2Q==;EndpointSuffix=core.windows.net",
            "primary_dfs_endpoint": "https://diagb0d293dc85f50cdb.dfs.core.windows.net/",
            "primary_dfs_host": "diagb0d293dc85f50cdb.dfs.core.windows.net",
            "primary_file_endpoint": "https://diagb0d293dc85f50cdb.file.core.windows.net/",
            "primary_file_host": "diagb0d293dc85f50cdb.file.core.windows.net",
            "primary_location": "eastus",
            "primary_queue_endpoint": "https://diagb0d293dc85f50cdb.queue.core.windows.net/",
            "primary_queue_host": "diagb0d293dc85f50cdb.queue.core.windows.net",
            "primary_table_endpoint": "https://diagb0d293dc85f50cdb.table.core.windows.net/",
            "primary_table_host": "diagb0d293dc85f50cdb.table.core.windows.net",
            "primary_web_endpoint": "https://diagb0d293dc85f50cdb.z13.web.core.windows.net/",
            "primary_web_host": "diagb0d293dc85f50cdb.z13.web.core.windows.net",
            "queue_encryption_key_type": "Service",
            "queue_properties": [
              {
                "cors_rule": [],
                "hour_metrics": [
                  {
                    "enabled": true,
                    "include_apis": true,
                    "retention_policy_days": 7,
                    "version": "1.0"
                  }
                ],
                "logging": [
                  {
                    "delete": false,
                    "read": false,
                    "retention_policy_days": 0,
                    "version": "1.0",
                    "write": false
                  }
                ],
                "minute_metrics": [
                  {
                    "enabled": false,
                    "include_apis": false,
                    "retention_policy_days": 0,
                    "version": "1.0"
                  }
                ]
              }
            ],
            "resource_group_name": "rg-chief-locust",
            "routing": [],
            "secondary_access_key": "eIOpox1Dm+SsBPaHdrziBDcshHP8FGTiSVNuMcn5UMJC5O2IrWu2BwcvT6+mYr4KcXRPkrmMKzGp+AStBIASyw==",
            "secondary_blob_connection_string": "",
            "secondary_blob_endpoint": null,
            "secondary_blob_host": null,
            "secondary_connection_string": "DefaultEndpointsProtocol=https;AccountName=diagb0d293dc85f50cdb;AccountKey=eIOpox1Dm+SsBPaHdrziBDcshHP8FGTiSVNuMcn5UMJC5O2IrWu2BwcvT6+mYr4KcXRPkrmMKzGp+AStBIASyw==;EndpointSuffix=core.windows.net",
            "secondary_dfs_endpoint": null,
            "secondary_dfs_host": null,
            "secondary_file_endpoint": null,
            "secondary_file_host": null,
            "secondary_location": "",
            "secondary_queue_endpoint": null,
            "secondary_queue_host": null,
            "secondary_table_endpoint": null,
            "secondary_table_host": null,
            "secondary_web_endpoint": null,
            "secondary_web_host": null,
            "share_properties": [
              {
                "cors_rule": [],
                "retention_policy": [
                  {
                    "days": 7
                  }
                ],
                "smb": []
              }
            ],
            "shared_access_key_enabled": true,
            "static_website": [],
            "table_encryption_key_type": "Service",
            "tags": null,
            "timeouts": null
          },
          "sensitive_attributes": [],
          "private": "eyJlMmJmYjczMC1lY2FhLTExZTYtOGY4OC0zNDM2M2JjN2M0YzAiOnsiY3JlYXRlIjozNjAwMDAwMDAwMDAwLCJkZWxldGUiOjM2MDAwMDAwMDAwMDAsInJlYWQiOjMwMDAwMDAwMDAwMCwidXBkYXRlIjozNjAwMDAwMDAwMDAwfSwic2NoZW1hX3ZlcnNpb24iOiIyIn0=",
          "dependencies": [
            "azurerm_resource_group.rg",
            "random_id.random_id",
            "random_pet.rg_name"
          ]
        }
      ]
    },
    {
      "mode": "managed",
      "type": "azurerm_subnet",
      "name": "my_terraform_subnet",
      "provider": "provider[\"registry.terraform.io/hashicorp/azurerm\"]",
      "instances": [
        {
          "schema_version": 0,
          "attributes": {
            "address_prefix": "10.0.1.0/24",
            "address_prefixes": [
              "10.0.1.0/24"
            ],
            "delegation": [],
            "enforce_private_link_endpoint_network_policies": false,
            "enforce_private_link_service_network_policies": false,
            "id": "/subscriptions/91dc98b1-a425-4df8-860a-444066b71f66/resourceGroups/rg-chief-locust/providers/Microsoft.Network/virtualNetworks/myVnet/subnets/mySubnet",
            "name": "mySubnet",
            "resource_group_name": "rg-chief-locust",
            "service_endpoint_policy_ids": null,
            "service_endpoints": null,
            "timeouts": null,
            "virtual_network_name": "myVnet"
          },
          "sensitive_attributes": [],
          "private": "eyJlMmJmYjczMC1lY2FhLTExZTYtOGY4OC0zNDM2M2JjN2M0YzAiOnsiY3JlYXRlIjoxODAwMDAwMDAwMDAwLCJkZWxldGUiOjE4MDAwMDAwMDAwMDAsInJlYWQiOjMwMDAwMDAwMDAwMCwidXBkYXRlIjoxODAwMDAwMDAwMDAwfX0=",
          "dependencies": [
            "azurerm_resource_group.rg",
            "azurerm_virtual_network.my_terraform_network",
            "random_pet.rg_name"
          ]
        }
      ]
    },
    {
      "mode": "managed",
      "type": "azurerm_virtual_network",
      "name": "my_terraform_network",
      "provider": "provider[\"registry.terraform.io/hashicorp/azurerm\"]",
      "instances": [
        {
          "schema_version": 0,
          "attributes": {
            "address_space": [
              "10.0.0.0/16"
            ],
            "bgp_community": "",
            "ddos_protection_plan": [],
            "dns_servers": [],
            "flow_timeout_in_minutes": 0,
            "guid": "ca9bebd1-6e53-4dfd-8591-c69ba110cb88",
            "id": "/subscriptions/91dc98b1-a425-4df8-860a-444066b71f66/resourceGroups/rg-chief-locust/providers/Microsoft.Network/virtualNetworks/myVnet",
            "location": "eastus",
            "name": "myVnet",
            "resource_group_name": "rg-chief-locust",
            "subnet": [],
            "tags": null,
            "timeouts": null,
            "vm_protection_enabled": false
          },
          "sensitive_attributes": [],
          "private": "eyJlMmJmYjczMC1lY2FhLTExZTYtOGY4OC0zNDM2M2JjN2M0YzAiOnsiY3JlYXRlIjoxODAwMDAwMDAwMDAwLCJkZWxldGUiOjE4MDAwMDAwMDAwMDAsInJlYWQiOjMwMDAwMDAwMDAwMCwidXBkYXRlIjoxODAwMDAwMDAwMDAwfX0=",
          "dependencies": [
            "azurerm_resource_group.rg",
            "random_pet.rg_name"
          ]
        }
      ]
    },
    {
      "mode": "managed",
      "type": "random_id",
      "name": "random_id",
      "provider": "provider[\"registry.terraform.io/hashicorp/random\"]",
      "instances": [
        {
          "schema_version": 0,
          "attributes": {
            "b64_std": "sNKT3IX1DNs=",
            "b64_url": "sNKT3IX1DNs",
            "byte_length": 8,
            "dec": "12741408871134072027",
            "hex": "b0d293dc85f50cdb",
            "id": "sNKT3IX1DNs",
            "keepers": {
              "resource_group": "rg-chief-locust"
            },
            "prefix": null
          },
          "sensitive_attributes": [],
          "dependencies": [
            "azurerm_resource_group.rg",
            "random_pet.rg_name"
          ]
        }
      ]
    },
    {
      "mode": "managed",
      "type": "random_pet",
      "name": "rg_name",
      "provider": "provider[\"registry.terraform.io/hashicorp/random\"]",
      "instances": [
        {
          "schema_version": 0,
          "attributes": {
            "id": "rg-chief-locust",
            "keepers": null,
            "length": 2,
            "prefix": "rg",
            "separator": "-"
          },
          "sensitive_attributes": []
        }
      ]
    },
    {
      "mode": "managed",
      "type": "random_pet",
      "name": "ssh_key_name",
      "provider": "provider[\"registry.terraform.io/hashicorp/random\"]",
      "instances": [
        {
          "schema_version": 0,
          "attributes": {
            "id": "sshlenientsquid",
            "keepers": null,
            "length": 2,
            "prefix": "ssh",
            "separator": ""
          },
          "sensitive_attributes": []
        }
      ]
    }
  ],
  "check_results": null
}
